
Microsoft Visual Studio Solution File, Format Version 12.00
Project("{FAE04EC0-301F-11D3-BF4B-00C04F79EFBC}") = "LazyCalculator", "LazyCalculator.csproj", "{C00F066D-2C20-429F-A352-260BBA3D392D}"
EndProject
Global
	GlobalSection(SolutionConfigurationPlatforms) = preSolution
		Debug|Any CPU = Debug|Any CPU
		Release|Any CPU = Release|Any CPU
	EndGlobalSection
	GlobalSection(ProjectConfigurationPlatforms) = postSolution
		{C00F066D-2C20-429F-A352-260BBA3D392D}.Debug|Any CPU.ActiveCfg = Debug|Any CPU
		{C00F066D-2C20-429F-A352-260BBA3D392D}.Debug|Any CPU.Build.0 = Debug|Any CPU
		{C00F066D-2C20-429F-A352-260BBA3D392D}.Release|Any CPU.ActiveCfg = Release|Any CPU
		{C00F066D-2C20-429F-A352-260BBA3D392D}.Release|Any CPU.Build.0 = Release|Any CPU
	EndGlobalSection
EndGlobal
